
Microsoft Visual Studio Solution File, Format Version 12.00
# Visual Studio Version 17
VisualStudioVersion = 17.9.34723.18
MinimumVisualStudioVersion = 10.0.40219.1
Project("{9A19103F-16F7-4668-BE54-9A1E7A4F7556}") = "SIV_Kafka", "SIV_Kafka\SIV_Kafka.csproj", "{657805DE-C972-4D77-807A-13B9C8F415A2}"
EndProject
Project("{9A19103F-16F7-4668-BE54-9A1E7A4F7556}") = "DataBase", "DataBase\DataBase.csproj", "{5534D942-DA38-4239-88CD-CE972ECA9E3A}"
EndProject
Project("{FAE04EC0-301F-11D3-BF4B-00C04F79EFBC}") = "Util", "Util\Util.csproj", "{2019935B-DF91-4550-961E-DE4336E0B6C2}"
EndProject
Global
	GlobalSection(SolutionConfigurationPlatforms) = preSolution
		Debug|Any CPU = Debug|Any CPU
		Release|Any CPU = Release|Any CPU
	EndGlobalSection
	GlobalSection(ProjectConfigurationPlatforms) = postSolution
		{657805DE-C972-4D77-807A-13B9C8F415A2}.Debug|Any CPU.ActiveCfg = Debug|Any CPU
		{657805DE-C972-4D77-807A-13B9C8F415A2}.Debug|Any CPU.Build.0 = Debug|Any CPU
		{657805DE-C972-4D77-807A-13B9C8F415A2}.Release|Any CPU.ActiveCfg = Release|Any CPU
		{657805DE-C972-4D77-807A-13B9C8F415A2}.Release|Any CPU.Build.0 = Release|Any CPU
		{5534D942-DA38-4239-88CD-CE972ECA9E3A}.Debug|Any CPU.ActiveCfg = Debug|Any CPU
		{5534D942-DA38-4239-88CD-CE972ECA9E3A}.Debug|Any CPU.Build.0 = Debug|Any CPU
		{5534D942-DA38-4239-88CD-CE972ECA9E3A}.Release|Any CPU.ActiveCfg = Release|Any CPU
		{5534D942-DA38-4239-88CD-CE972ECA9E3A}.Release|Any CPU.Build.0 = Release|Any CPU
		{2019935B-DF91-4550-961E-DE4336E0B6C2}.Debug|Any CPU.ActiveCfg = Debug|Any CPU
		{2019935B-DF91-4550-961E-DE4336E0B6C2}.Debug|Any CPU.Build.0 = Debug|Any CPU
		{2019935B-DF91-4550-961E-DE4336E0B6C2}.Release|Any CPU.ActiveCfg = Release|Any CPU
		{2019935B-DF91-4550-961E-DE4336E0B6C2}.Release|Any CPU.Build.0 = Release|Any CPU
	EndGlobalSection
	GlobalSection(SolutionProperties) = preSolution
		HideSolutionNode = FALSE
	EndGlobalSection
	GlobalSection(ExtensibilityGlobals) = postSolution
		SolutionGuid = {C4D09CFD-72A7-453C-AD37-2A68AA6B0C47}
	EndGlobalSection
EndGlobal
